
Microsoft Visual Studio Solution File, Format Version 12.00
# Visual Studio 15
VisualStudioVersion = 15.0.27703.2035
MinimumVisualStudioVersion = 10.0.40219.1
Project("{9A19103F-16F7-4668-BE54-9A1E7A4F7556}") = "Abitasharp", "Abitasharp.csproj", "{A48E030D-77C1-4B52-AF56-F2B52F5E6754}"
EndProject
Global
	GlobalSection(SolutionConfigurationPlatforms) = preSolution
		Debug|Any CPU = Debug|Any CPU
		Release|Any CPU = Release|Any CPU
	EndGlobalSection
	GlobalSection(ProjectConfigurationPlatforms) = postSolution
		{A48E030D-77C1-4B52-AF56-F2B52F5E6754}.Debug|Any CPU.ActiveCfg = Debug|Any CPU
		{A48E030D-77C1-4B52-AF56-F2B52F5E6754}.Debug|Any CPU.Build.0 = Debug|Any CPU
		{A48E030D-77C1-4B52-AF56-F2B52F5E6754}.Release|Any CPU.ActiveCfg = Release|Any CPU
		{A48E030D-77C1-4B52-AF56-F2B52F5E6754}.Release|Any CPU.Build.0 = Release|Any CPU
	EndGlobalSection
	GlobalSection(SolutionProperties) = preSolution
		HideSolutionNode = FALSE
	EndGlobalSection
	GlobalSection(ExtensibilityGlobals) = postSolution
		SolutionGuid = {6FF0CD91-7F17-47BA-A27A-EF6363EF34E5}
	EndGlobalSection
EndGlobal
